
Microsoft Visual Studio Solution File, Format Version 12.00
# Visual Studio Version 17
VisualStudioVersion = 17.8.34511.84
MinimumVisualStudioVersion = 10.0.40219.1
Project("{FAE04EC0-301F-11D3-BF4B-00C04F79EFBC}") = "Lab_5", "Lab_5.csproj", "{703C309B-182A-4092-B92F-A01764C21634}"
EndProject
Global
	GlobalSection(SolutionConfigurationPlatforms) = preSolution
		Debug|Any CPU = Debug|Any CPU
		Release|Any CPU = Release|Any CPU
	EndGlobalSection
	GlobalSection(ProjectConfigurationPlatforms) = postSolution
		{703C309B-182A-4092-B92F-A01764C21634}.Debug|Any CPU.ActiveCfg = Debug|Any CPU
		{703C309B-182A-4092-B92F-A01764C21634}.Debug|Any CPU.Build.0 = Debug|Any CPU
		{703C309B-182A-4092-B92F-A01764C21634}.Release|Any CPU.ActiveCfg = Release|Any CPU
		{703C309B-182A-4092-B92F-A01764C21634}.Release|Any CPU.Build.0 = Release|Any CPU
	EndGlobalSection
	GlobalSection(SolutionProperties) = preSolution
		HideSolutionNode = FALSE
	EndGlobalSection
	GlobalSection(ExtensibilityGlobals) = postSolution
		SolutionGuid = {433CADD6-205F-4D52-910E-5E99BAAC24C6}
	EndGlobalSection
EndGlobal
